
Microsoft Visual Studio Solution File, Format Version 12.00
# Visual Studio Version 16
VisualStudioVersion = 16.0.31424.327
MinimumVisualStudioVersion = 10.0.40219.1
Project("{9A19103F-16F7-4668-BE54-9A1E7A4F7556}") = "Shared.Project.Extentions.M-Amin", "Shared\Shared.Project.Extentions.M-Amin.csproj", "{26244512-DE49-4B64-85A6-242BB451B667}"
EndProject
Global
	GlobalSection(SolutionConfigurationPlatforms) = preSolution
		Debug|Any CPU = Debug|Any CPU
		Release|Any CPU = Release|Any CPU
	EndGlobalSection
	GlobalSection(ProjectConfigurationPlatforms) = postSolution
		{26244512-DE49-4B64-85A6-242BB451B667}.Debug|Any CPU.ActiveCfg = Debug|Any CPU
		{26244512-DE49-4B64-85A6-242BB451B667}.Debug|Any CPU.Build.0 = Debug|Any CPU
		{26244512-DE49-4B64-85A6-242BB451B667}.Release|Any CPU.ActiveCfg = Release|Any CPU
		{26244512-DE49-4B64-85A6-242BB451B667}.Release|Any CPU.Build.0 = Release|Any CPU
	EndGlobalSection
	GlobalSection(SolutionProperties) = preSolution
		HideSolutionNode = FALSE
	EndGlobalSection
	GlobalSection(ExtensibilityGlobals) = postSolution
		SolutionGuid = {786711AD-D873-471E-87C3-96EB43F0D92F}
	EndGlobalSection
EndGlobal
